
Microsoft Visual Studio Solution File, Format Version 12.00
# Visual Studio Version 17
VisualStudioVersion = 17.5.33627.172
MinimumVisualStudioVersion = 10.0.40219.1
Project("{FAE04EC0-301F-11D3-BF4B-00C04F79EFBC}") = "TESTES", "TESTES\TESTES.csproj", "{4A5C8B97-0FA1-4FB7-B84A-49E9D9356C6E}"
EndProject
Global
	GlobalSection(SolutionConfigurationPlatforms) = preSolution
		Debug|Any CPU = Debug|Any CPU
		Release|Any CPU = Release|Any CPU
	EndGlobalSection
	GlobalSection(ProjectConfigurationPlatforms) = postSolution
		{4A5C8B97-0FA1-4FB7-B84A-49E9D9356C6E}.Debug|Any CPU.ActiveCfg = Debug|Any CPU
		{4A5C8B97-0FA1-4FB7-B84A-49E9D9356C6E}.Debug|Any CPU.Build.0 = Debug|Any CPU
		{4A5C8B97-0FA1-4FB7-B84A-49E9D9356C6E}.Release|Any CPU.ActiveCfg = Release|Any CPU
		{4A5C8B97-0FA1-4FB7-B84A-49E9D9356C6E}.Release|Any CPU.Build.0 = Release|Any CPU
	EndGlobalSection
	GlobalSection(SolutionProperties) = preSolution
		HideSolutionNode = FALSE
	EndGlobalSection
	GlobalSection(ExtensibilityGlobals) = postSolution
		SolutionGuid = {20D8BD04-2A93-4FB7-916E-C44536641204}
	EndGlobalSection
EndGlobal
